
Microsoft Visual Studio Solution File, Format Version 12.00
Project("{F2A71F9B-5D33-465A-A702-920D77279786}") = "ItMeetupCats", "ItMeetupCats.fsproj", "{51EB6A6B-8988-4020-9A58-D7BFA699F7FE}"
EndProject
Global
	GlobalSection(SolutionConfigurationPlatforms) = preSolution
		Debug|Any CPU = Debug|Any CPU
		Release|Any CPU = Release|Any CPU
	EndGlobalSection
	GlobalSection(ProjectConfigurationPlatforms) = postSolution
		{51EB6A6B-8988-4020-9A58-D7BFA699F7FE}.Debug|Any CPU.ActiveCfg = Debug|Any CPU
		{51EB6A6B-8988-4020-9A58-D7BFA699F7FE}.Debug|Any CPU.Build.0 = Debug|Any CPU
		{51EB6A6B-8988-4020-9A58-D7BFA699F7FE}.Release|Any CPU.ActiveCfg = Release|Any CPU
		{51EB6A6B-8988-4020-9A58-D7BFA699F7FE}.Release|Any CPU.Build.0 = Release|Any CPU
	EndGlobalSection
EndGlobal
